
Microsoft Visual Studio Solution File, Format Version 12.00
# Visual Studio 2012
Project("{FAE04EC0-301F-11D3-BF4B-00C04F79EFBC}") = "SwdPageRecorder", "SwdPageRecorder\SwdPageRecorder.csproj", "{DEF90C76-F4F1-4225-9A3D-440323F5F7CC}"
EndProject
Project("{FAE04EC0-301F-11D3-BF4B-00C04F79EFBC}") = "SwdPageRecorder.UI", "SwdPageRecorder.UI\SwdPageRecorder.UI.csproj", "{3C5B6B24-D897-4946-A6A5-D2C4F2DA8369}"
EndProject
Project("{FAE04EC0-301F-11D3-BF4B-00C04F79EFBC}") = "SwdPageRecorder.Sample.PageObjects", "SwdPageRecorder.Sample.PageObjects\SwdPageRecorder.Sample.PageObjects.csproj", "{2C54D62F-D462-4AD1-BE3D-49C3DC90620E}"
EndProject
Project("{FAE04EC0-301F-11D3-BF4B-00C04F79EFBC}") = "SwdPageRecorder.Sample.Tests", "SwdPageRecorder.Sample.Tests\SwdPageRecorder.Sample.Tests.csproj", "{663DBC18-1AE2-43AE-9E08-1167889BA7A6}"
EndProject
Project("{FAE04EC0-301F-11D3-BF4B-00C04F79EFBC}") = "SwdPageRecorder.Console", "SwdPageRecorder.Console\SwdPageRecorder.Console.csproj", "{0592CE7A-0E99-473A-BCC7-884A09F1AD56}"
EndProject
Project("{FAE04EC0-301F-11D3-BF4B-00C04F79EFBC}") = "SwdPageRecorder.WebDriver", "SwdPageRecorder.WebDriver\SwdPageRecorder.WebDriver.csproj", "{DC2EC3C9-DC4F-430A-BBA7-7F04B9C215EB}"
EndProject
Project("{2150E333-8FDC-42A3-9474-1A3956D46DE8}") = ".nuget", ".nuget", "{A22BF707-81E6-42C6-8088-CFEEA128B0AB}"
	ProjectSection(SolutionItems) = preProject
		.nuget\NuGet.Config = .nuget\NuGet.Config
		.nuget\NuGet.exe = .nuget\NuGet.exe
		.nuget\NuGet.targets = .nuget\NuGet.targets
	EndProjectSection
EndProject
Global
	GlobalSection(SolutionConfigurationPlatforms) = preSolution
		Debug|Any CPU = Debug|Any CPU
		Release|Any CPU = Release|Any CPU
	EndGlobalSection
	GlobalSection(ProjectConfigurationPlatforms) = postSolution
		{DEF90C76-F4F1-4225-9A3D-440323F5F7CC}.Debug|Any CPU.ActiveCfg = Debug|Any CPU
		{DEF90C76-F4F1-4225-9A3D-440323F5F7CC}.Debug|Any CPU.Build.0 = Debug|Any CPU
		{DEF90C76-F4F1-4225-9A3D-440323F5F7CC}.Release|Any CPU.ActiveCfg = Release|Any CPU
		{DEF90C76-F4F1-4225-9A3D-440323F5F7CC}.Release|Any CPU.Build.0 = Release|Any CPU
		{3C5B6B24-D897-4946-A6A5-D2C4F2DA8369}.Debug|Any CPU.ActiveCfg = Debug|Any CPU
		{3C5B6B24-D897-4946-A6A5-D2C4F2DA8369}.Debug|Any CPU.Build.0 = Debug|Any CPU
		{3C5B6B24-D897-4946-A6A5-D2C4F2DA8369}.Release|Any CPU.ActiveCfg = Release|Any CPU
		{3C5B6B24-D897-4946-A6A5-D2C4F2DA8369}.Release|Any CPU.Build.0 = Release|Any CPU
		{2C54D62F-D462-4AD1-BE3D-49C3DC90620E}.Debug|Any CPU.ActiveCfg = Debug|Any CPU
		{2C54D62F-D462-4AD1-BE3D-49C3DC90620E}.Debug|Any CPU.Build.0 = Debug|Any CPU
		{2C54D62F-D462-4AD1-BE3D-49C3DC90620E}.Release|Any CPU.ActiveCfg = Release|Any CPU
		{2C54D62F-D462-4AD1-BE3D-49C3DC90620E}.Release|Any CPU.Build.0 = Release|Any CPU
		{663DBC18-1AE2-43AE-9E08-1167889BA7A6}.Debug|Any CPU.ActiveCfg = Debug|Any CPU
		{663DBC18-1AE2-43AE-9E08-1167889BA7A6}.Debug|Any CPU.Build.0 = Debug|Any CPU
		{663DBC18-1AE2-43AE-9E08-1167889BA7A6}.Release|Any CPU.ActiveCfg = Release|Any CPU
		{663DBC18-1AE2-43AE-9E08-1167889BA7A6}.Release|Any CPU.Build.0 = Release|Any CPU
		{0592CE7A-0E99-473A-BCC7-884A09F1AD56}.Debug|Any CPU.ActiveCfg = Debug|Any CPU
		{0592CE7A-0E99-473A-BCC7-884A09F1AD56}.Debug|Any CPU.Build.0 = Debug|Any CPU
		{0592CE7A-0E99-473A-BCC7-884A09F1AD56}.Release|Any CPU.ActiveCfg = Release|Any CPU
		{0592CE7A-0E99-473A-BCC7-884A09F1AD56}.Release|Any CPU.Build.0 = Release|Any CPU
		{DC2EC3C9-DC4F-430A-BBA7-7F04B9C215EB}.Debug|Any CPU.ActiveCfg = Debug|Any CPU
		{DC2EC3C9-DC4F-430A-BBA7-7F04B9C215EB}.Debug|Any CPU.Build.0 = Debug|Any CPU
		{DC2EC3C9-DC4F-430A-BBA7-7F04B9C215EB}.Release|Any CPU.ActiveCfg = Release|Any CPU
		{DC2EC3C9-DC4F-430A-BBA7-7F04B9C215EB}.Release|Any CPU.Build.0 = Release|Any CPU
	EndGlobalSection
	GlobalSection(SolutionProperties) = preSolution
		HideSolutionNode = FALSE
	EndGlobalSection
	GlobalSection(Performance) = preSolution
		HasPerformanceSessions = true
	EndGlobalSection
EndGlobal
